
Microsoft Visual Studio Solution File, Format Version 12.00
# Visual Studio Version 17
VisualStudioVersion = 17.5.33516.290
MinimumVisualStudioVersion = 10.0.40219.1
Project("{FAE04EC0-301F-11D3-BF4B-00C04F79EFBC}") = "Programa 1.1", "Programa 1.1.csproj", "{C6FEA2D3-C411-4330-857F-588C52C5747B}"
EndProject
Project("{FAE04EC0-301F-11D3-BF4B-00C04F79EFBC}") = "Programa 1.2", "..\Programa 1.2\Programa 1.2.csproj", "{AD593B10-EAC8-4AC4-9CC6-908EB4D260D4}"
EndProject
Project("{FAE04EC0-301F-11D3-BF4B-00C04F79EFBC}") = "Programa 1.3", "..\Programa 1.3\Programa 1.3.csproj", "{DC8D9EF4-5708-48ED-A0B2-0F153F5A5069}"
EndProject
Project("{FAE04EC0-301F-11D3-BF4B-00C04F79EFBC}") = "Programa 1.4", "..\Programa 1.4\Programa 1.4.csproj", "{C0B8835C-0E7C-484D-B2BA-201948978E1D}"
EndProject
Project("{FAE04EC0-301F-11D3-BF4B-00C04F79EFBC}") = "Programa 1.5", "..\Programa 1.5\Programa 1.5.csproj", "{8CF130EB-ED33-4B99-B6A4-8663339DC429}"
EndProject
Project("{FAE04EC0-301F-11D3-BF4B-00C04F79EFBC}") = "Programa 1.6", "..\Programa 1.6\Programa 1.6.csproj", "{AD7D1AC3-47E8-4EF6-9831-563B7E5035E2}"
EndProject
Project("{FAE04EC0-301F-11D3-BF4B-00C04F79EFBC}") = "Programa 1.7", "..\Programa 1.7\Programa 1.7.csproj", "{46452D8E-C9A0-4C45-84DD-C551948DA441}"
EndProject
Project("{FAE04EC0-301F-11D3-BF4B-00C04F79EFBC}") = "Programa 1.8", "..\Programa 1.8\Programa 1.8.csproj", "{DD783AFD-AAEC-43F3-A99F-4FA4F3FD02E0}"
EndProject
Project("{FAE04EC0-301F-11D3-BF4B-00C04F79EFBC}") = "Programa 1.9", "..\Programa 1.9\Programa 1.9.csproj", "{B0236533-C876-4E6C-A949-B0B8019D7535}"
EndProject
Project("{FAE04EC0-301F-11D3-BF4B-00C04F79EFBC}") = "Programa 2.1", "..\Programa 1.10\Programa 2.1.csproj", "{9B2A9AE3-F797-46EF-8260-9ACCB2251942}"
EndProject
Project("{FAE04EC0-301F-11D3-BF4B-00C04F79EFBC}") = "Programa 2.2", "..\Programa 2.2\Programa 2.2.csproj", "{2AD28BE2-0B70-428B-9472-61F3FB54DF49}"
EndProject
Project("{FAE04EC0-301F-11D3-BF4B-00C04F79EFBC}") = "Programa 2.3", "..\Programa 2.3\Programa 2.3.csproj", "{2235DBA1-41CE-42C2-876B-6EF91FDC89F8}"
EndProject
Project("{FAE04EC0-301F-11D3-BF4B-00C04F79EFBC}") = "Programa 2.4", "..\Programa 2.4\Programa 2.4.csproj", "{1725B362-3B69-4A3A-A0A4-919D444EBFFA}"
EndProject
Project("{FAE04EC0-301F-11D3-BF4B-00C04F79EFBC}") = "Programa 2.5", "..\Programa 2.5\Programa 2.5.csproj", "{34C57453-E816-4F6B-BCD2-7F7E0EA92AA7}"
EndProject
Project("{FAE04EC0-301F-11D3-BF4B-00C04F79EFBC}") = "Programa 2.6", "..\Programa 2.6\Programa 2.6.csproj", "{24FFF9E8-DF71-453F-94FD-E5FDAD731520}"
EndProject
Project("{FAE04EC0-301F-11D3-BF4B-00C04F79EFBC}") = "Programa 2.7", "..\Programa 2.7\Programa 2.7.csproj", "{D9687E1F-BBE1-45CF-A618-922FBFD04415}"
EndProject
Project("{FAE04EC0-301F-11D3-BF4B-00C04F79EFBC}") = "Programa 2.8", "..\Programa 2.8\Programa 2.8.csproj", "{3E95A56D-83E9-4EFD-A4D8-654EB53734D5}"
EndProject
Project("{FAE04EC0-301F-11D3-BF4B-00C04F79EFBC}") = "Programa 2.9", "..\Programa 2.9\Programa 2.9.csproj", "{0A844B09-C926-4FDF-8849-9BEE057A379F}"
EndProject
Project("{FAE04EC0-301F-11D3-BF4B-00C04F79EFBC}") = "Programa 3.1", "..\Programa 3.1\Programa 3.1.csproj", "{B7C11E78-8311-42C0-A98A-FC978C60B594}"
EndProject
Project("{FAE04EC0-301F-11D3-BF4B-00C04F79EFBC}") = "Programa 3.2", "..\Programa 3.2\Programa 3.2.csproj", "{98AADA4E-10CD-4A4B-8A4C-4433D9A8D559}"
EndProject
Project("{FAE04EC0-301F-11D3-BF4B-00C04F79EFBC}") = "Programa 3.3", "..\Programa 3.3\Programa 3.3.csproj", "{D391DCEB-4A09-4115-BB65-5564F91AB323}"
EndProject
Project("{FAE04EC0-301F-11D3-BF4B-00C04F79EFBC}") = "Programa 3.4", "..\Programa 3.4\Programa 3.4.csproj", "{75A71ECB-ABFA-4AAE-921B-906B11BCD67F}"
EndProject
Project("{FAE04EC0-301F-11D3-BF4B-00C04F79EFBC}") = "Programa 3.5", "..\Programa 3.5\Programa 3.5.csproj", "{5F3011F5-69E8-4511-A69D-CB3CA6A1398C}"
EndProject
Project("{FAE04EC0-301F-11D3-BF4B-00C04F79EFBC}") = "Programa 3.6", "..\Programa 3.6\Programa 3.6.csproj", "{C8D6E15C-51AC-41FC-B57C-D884FA25B9BC}"
EndProject
Project("{FAE04EC0-301F-11D3-BF4B-00C04F79EFBC}") = "Programa 3.7", "..\Programa 3.7\Programa 3.7.csproj", "{40DDCAA9-2E0D-4FDB-8026-0110E82C3E86}"
EndProject
Project("{FAE04EC0-301F-11D3-BF4B-00C04F79EFBC}") = "Programa 3.8", "..\Programa 3.8\Programa 3.8.csproj", "{6C89ACB5-D09E-4E50-AB8A-BFBFD0F2BB20}"
EndProject
Project("{FAE04EC0-301F-11D3-BF4B-00C04F79EFBC}") = "Programa 3.9", "..\Programa 3.9\Programa 3.9.csproj", "{A7BB1D60-7D5E-4CEC-9581-2C86307BA4D1}"
EndProject
Project("{FAE04EC0-301F-11D3-BF4B-00C04F79EFBC}") = "Programa 4.1", "..\Programa 4.1\Programa 4.1.csproj", "{FB6D4AAB-5DFB-403E-8AFF-95D19D67292B}"
EndProject
Project("{FAE04EC0-301F-11D3-BF4B-00C04F79EFBC}") = "Programa 4.2", "..\Programa 4.2\Programa 4.2.csproj", "{C5116C18-287C-4D42-90E5-94C64323875E}"
EndProject
Project("{FAE04EC0-301F-11D3-BF4B-00C04F79EFBC}") = "Programa 4.3", "..\Programa 4.3\Programa 4.3.csproj", "{8646FE15-D855-4EA6-B24D-B5721A6241B0}"
EndProject
Project("{FAE04EC0-301F-11D3-BF4B-00C04F79EFBC}") = "Programa 4.4", "..\Programa 4.4\Programa 4.4.csproj", "{EB8F5217-7651-4BFA-BB7F-AE06F211CE84}"
EndProject
Project("{FAE04EC0-301F-11D3-BF4B-00C04F79EFBC}") = "Programa 4.5", "..\Programa 4.5\Programa 4.5.csproj", "{450C0B8C-CC9D-4F82-94D4-ACAF3B7DD207}"
EndProject
Project("{FAE04EC0-301F-11D3-BF4B-00C04F79EFBC}") = "Programa 4.6", "..\Programa 4.6\Programa 4.6.csproj", "{3E7B9E06-B859-4C83-A0C7-2B251D5B3468}"
EndProject
Project("{FAE04EC0-301F-11D3-BF4B-00C04F79EFBC}") = "Programa 4.6.1", "..\Programa 4.6.1\Programa 4.6.1.csproj", "{4482D7BD-3F83-42A8-8F07-BBA1D52F68CA}"
EndProject
Project("{FAE04EC0-301F-11D3-BF4B-00C04F79EFBC}") = "Programa 4.7", "..\Programa 4.7\Programa 4.7.csproj", "{567C8A10-8683-49C4-9B5E-700F2589E707}"
EndProject
Project("{FAE04EC0-301F-11D3-BF4B-00C04F79EFBC}") = "Programa 4.8", "..\Programa 4.8\Programa 4.8.csproj", "{4C9B7E27-EDEE-4381-AD29-FD413EC697A1}"
EndProject
Project("{FAE04EC0-301F-11D3-BF4B-00C04F79EFBC}") = "Programa 4.9", "..\Programa 4.9\Programa 4.9.csproj", "{4309CDFC-A74F-4709-98E3-B22A3FDDDAAA}"
EndProject
Project("{FAE04EC0-301F-11D3-BF4B-00C04F79EFBC}") = "Programa 5.1", "..\Programa 5.1\Programa 5.1.csproj", "{B485B9AC-56FB-4A67-9787-4B4B0796B736}"
EndProject
Project("{FAE04EC0-301F-11D3-BF4B-00C04F79EFBC}") = "Programa 5.2", "..\Programa 5.2\Programa 5.2.csproj", "{A5A3D1D1-2FC2-4B08-AF3C-081066B199C0}"
EndProject
Project("{FAE04EC0-301F-11D3-BF4B-00C04F79EFBC}") = "Programa 5.3", "..\Programa 5.3\Programa 5.3.csproj", "{201ED327-A330-445C-84E4-2B199B4F3EA7}"
EndProject
Project("{FAE04EC0-301F-11D3-BF4B-00C04F79EFBC}") = "Programa 5.4", "..\Programa 5.4\Programa 5.4.csproj", "{5D6292E4-5293-4F95-904B-DF8E6508F3D5}"
EndProject
Project("{FAE04EC0-301F-11D3-BF4B-00C04F79EFBC}") = "Programa 5.5", "..\Programa 5.5\Programa 5.5.csproj", "{214C07CF-CE95-4DAD-B351-C0D5054C2609}"
EndProject
Project("{FAE04EC0-301F-11D3-BF4B-00C04F79EFBC}") = "Programa 5.6", "..\Programa 5.6\Programa 5.6.csproj", "{1446BC87-99D4-42EC-B6E1-2DA7D1EA8BE1}"
EndProject
Project("{FAE04EC0-301F-11D3-BF4B-00C04F79EFBC}") = "Programa 5.7", "..\Programa 5.7\Programa 5.7.csproj", "{FB818550-2AB2-4AE9-A53A-5DD6990911A7}"
EndProject
Project("{FAE04EC0-301F-11D3-BF4B-00C04F79EFBC}") = "Programa 5.8", "..\Programa 5.8\Programa 5.8.csproj", "{B967056B-9DA1-454C-8B6A-D24E2669B5EE}"
EndProject
Project("{FAE04EC0-301F-11D3-BF4B-00C04F79EFBC}") = "Programa 5.9", "..\Programa 5.9\Programa 5.9.csproj", "{0D23AE63-DF12-472D-8675-878F4D818A6A}"
EndProject
Project("{FAE04EC0-301F-11D3-BF4B-00C04F79EFBC}") = "Programa 6.1", "..\Programa 6.1\Programa 6.1.csproj", "{A4742A6F-BF45-4B17-9670-E387297AC232}"
EndProject
Project("{FAE04EC0-301F-11D3-BF4B-00C04F79EFBC}") = "Programa 6.2", "..\Programa 6.2\Programa 6.2.csproj", "{F2F87607-24C0-4835-9F74-3BE8DB25CB3E}"
EndProject
Project("{FAE04EC0-301F-11D3-BF4B-00C04F79EFBC}") = "Programa 6.3", "..\Programa 6.3\Programa 6.3.csproj", "{BBE29F70-8822-400F-8818-F055D1070B6C}"
EndProject
Project("{FAE04EC0-301F-11D3-BF4B-00C04F79EFBC}") = "Programa 6.4", "..\Programa 6.4\Programa 6.4.csproj", "{0CE894DF-22B8-46E3-BC11-86E4AF2BAC89}"
EndProject
Project("{FAE04EC0-301F-11D3-BF4B-00C04F79EFBC}") = "Programa 6.5", "..\Programa 6.5\Programa 6.5.csproj", "{19585B2F-73A4-489C-AADD-AF5FBE66AFFE}"
EndProject
Project("{FAE04EC0-301F-11D3-BF4B-00C04F79EFBC}") = "Programa 6.6", "..\Programa 6.6\Programa 6.6.csproj", "{BDB211AD-7EDB-46FC-AD92-70E435C77CED}"
EndProject
Project("{FAE04EC0-301F-11D3-BF4B-00C04F79EFBC}") = "Programa 6.7", "..\Programa 6.7\Programa 6.7.csproj", "{0D8EB14D-D045-4651-8298-C9746F14B4CA}"
EndProject
Project("{FAE04EC0-301F-11D3-BF4B-00C04F79EFBC}") = "Programa 6.8", "..\Programa 6.8\Programa 6.8.csproj", "{E5945EE7-E1E8-4694-AE67-5DD583C67B14}"
EndProject
Project("{FAE04EC0-301F-11D3-BF4B-00C04F79EFBC}") = "Programa 6.9", "..\Programa 6.9\Programa 6.9.csproj", "{13D5D0EC-7F13-4FB4-8982-93BD3BF00FD5}"
EndProject
Global
	GlobalSection(SolutionConfigurationPlatforms) = preSolution
		Debug|Any CPU = Debug|Any CPU
		Release|Any CPU = Release|Any CPU
	EndGlobalSection
	GlobalSection(ProjectConfigurationPlatforms) = postSolution
		{C6FEA2D3-C411-4330-857F-588C52C5747B}.Debug|Any CPU.ActiveCfg = Debug|Any CPU
		{C6FEA2D3-C411-4330-857F-588C52C5747B}.Debug|Any CPU.Build.0 = Debug|Any CPU
		{C6FEA2D3-C411-4330-857F-588C52C5747B}.Release|Any CPU.ActiveCfg = Release|Any CPU
		{C6FEA2D3-C411-4330-857F-588C52C5747B}.Release|Any CPU.Build.0 = Release|Any CPU
		{AD593B10-EAC8-4AC4-9CC6-908EB4D260D4}.Debug|Any CPU.ActiveCfg = Debug|Any CPU
		{AD593B10-EAC8-4AC4-9CC6-908EB4D260D4}.Debug|Any CPU.Build.0 = Debug|Any CPU
		{AD593B10-EAC8-4AC4-9CC6-908EB4D260D4}.Release|Any CPU.ActiveCfg = Release|Any CPU
		{AD593B10-EAC8-4AC4-9CC6-908EB4D260D4}.Release|Any CPU.Build.0 = Release|Any CPU
		{DC8D9EF4-5708-48ED-A0B2-0F153F5A5069}.Debug|Any CPU.ActiveCfg = Debug|Any CPU
		{DC8D9EF4-5708-48ED-A0B2-0F153F5A5069}.Debug|Any CPU.Build.0 = Debug|Any CPU
		{DC8D9EF4-5708-48ED-A0B2-0F153F5A5069}.Release|Any CPU.ActiveCfg = Release|Any CPU
		{DC8D9EF4-5708-48ED-A0B2-0F153F5A5069}.Release|Any CPU.Build.0 = Release|Any CPU
		{C0B8835C-0E7C-484D-B2BA-201948978E1D}.Debug|Any CPU.ActiveCfg = Debug|Any CPU
		{C0B8835C-0E7C-484D-B2BA-201948978E1D}.Debug|Any CPU.Build.0 = Debug|Any CPU
		{C0B8835C-0E7C-484D-B2BA-201948978E1D}.Release|Any CPU.ActiveCfg = Release|Any CPU
		{C0B8835C-0E7C-484D-B2BA-201948978E1D}.Release|Any CPU.Build.0 = Release|Any CPU
		{8CF130EB-ED33-4B99-B6A4-8663339DC429}.Debug|Any CPU.ActiveCfg = Debug|Any CPU
		{8CF130EB-ED33-4B99-B6A4-8663339DC429}.Debug|Any CPU.Build.0 = Debug|Any CPU
		{8CF130EB-ED33-4B99-B6A4-8663339DC429}.Release|Any CPU.ActiveCfg = Release|Any CPU
		{8CF130EB-ED33-4B99-B6A4-8663339DC429}.Release|Any CPU.Build.0 = Release|Any CPU
		{AD7D1AC3-47E8-4EF6-9831-563B7E5035E2}.Debug|Any CPU.ActiveCfg = Debug|Any CPU
		{AD7D1AC3-47E8-4EF6-9831-563B7E5035E2}.Debug|Any CPU.Build.0 = Debug|Any CPU
		{AD7D1AC3-47E8-4EF6-9831-563B7E5035E2}.Release|Any CPU.ActiveCfg = Release|Any CPU
		{AD7D1AC3-47E8-4EF6-9831-563B7E5035E2}.Release|Any CPU.Build.0 = Release|Any CPU
		{46452D8E-C9A0-4C45-84DD-C551948DA441}.Debug|Any CPU.ActiveCfg = Debug|Any CPU
		{46452D8E-C9A0-4C45-84DD-C551948DA441}.Debug|Any CPU.Build.0 = Debug|Any CPU
		{46452D8E-C9A0-4C45-84DD-C551948DA441}.Release|Any CPU.ActiveCfg = Release|Any CPU
		{46452D8E-C9A0-4C45-84DD-C551948DA441}.Release|Any CPU.Build.0 = Release|Any CPU
		{DD783AFD-AAEC-43F3-A99F-4FA4F3FD02E0}.Debug|Any CPU.ActiveCfg = Debug|Any CPU
		{DD783AFD-AAEC-43F3-A99F-4FA4F3FD02E0}.Debug|Any CPU.Build.0 = Debug|Any CPU
		{DD783AFD-AAEC-43F3-A99F-4FA4F3FD02E0}.Release|Any CPU.ActiveCfg = Release|Any CPU
		{DD783AFD-AAEC-43F3-A99F-4FA4F3FD02E0}.Release|Any CPU.Build.0 = Release|Any CPU
		{B0236533-C876-4E6C-A949-B0B8019D7535}.Debug|Any CPU.ActiveCfg = Debug|Any CPU
		{B0236533-C876-4E6C-A949-B0B8019D7535}.Debug|Any CPU.Build.0 = Debug|Any CPU
		{B0236533-C876-4E6C-A949-B0B8019D7535}.Release|Any CPU.ActiveCfg = Release|Any CPU
		{B0236533-C876-4E6C-A949-B0B8019D7535}.Release|Any CPU.Build.0 = Release|Any CPU
		{9B2A9AE3-F797-46EF-8260-9ACCB2251942}.Debug|Any CPU.ActiveCfg = Debug|Any CPU
		{9B2A9AE3-F797-46EF-8260-9ACCB2251942}.Debug|Any CPU.Build.0 = Debug|Any CPU
		{9B2A9AE3-F797-46EF-8260-9ACCB2251942}.Release|Any CPU.ActiveCfg = Release|Any CPU
		{9B2A9AE3-F797-46EF-8260-9ACCB2251942}.Release|Any CPU.Build.0 = Release|Any CPU
		{2AD28BE2-0B70-428B-9472-61F3FB54DF49}.Debug|Any CPU.ActiveCfg = Debug|Any CPU
		{2AD28BE2-0B70-428B-9472-61F3FB54DF49}.Debug|Any CPU.Build.0 = Debug|Any CPU
		{2AD28BE2-0B70-428B-9472-61F3FB54DF49}.Release|Any CPU.ActiveCfg = Release|Any CPU
		{2AD28BE2-0B70-428B-9472-61F3FB54DF49}.Release|Any CPU.Build.0 = Release|Any CPU
		{2235DBA1-41CE-42C2-876B-6EF91FDC89F8}.Debug|Any CPU.ActiveCfg = Debug|Any CPU
		{2235DBA1-41CE-42C2-876B-6EF91FDC89F8}.Debug|Any CPU.Build.0 = Debug|Any CPU
		{2235DBA1-41CE-42C2-876B-6EF91FDC89F8}.Release|Any CPU.ActiveCfg = Release|Any CPU
		{2235DBA1-41CE-42C2-876B-6EF91FDC89F8}.Release|Any CPU.Build.0 = Release|Any CPU
		{1725B362-3B69-4A3A-A0A4-919D444EBFFA}.Debug|Any CPU.ActiveCfg = Debug|Any CPU
		{1725B362-3B69-4A3A-A0A4-919D444EBFFA}.Debug|Any CPU.Build.0 = Debug|Any CPU
		{1725B362-3B69-4A3A-A0A4-919D444EBFFA}.Release|Any CPU.ActiveCfg = Release|Any CPU
		{1725B362-3B69-4A3A-A0A4-919D444EBFFA}.Release|Any CPU.Build.0 = Release|Any CPU
		{34C57453-E816-4F6B-BCD2-7F7E0EA92AA7}.Debug|Any CPU.ActiveCfg = Debug|Any CPU
		{34C57453-E816-4F6B-BCD2-7F7E0EA92AA7}.Debug|Any CPU.Build.0 = Debug|Any CPU
		{34C57453-E816-4F6B-BCD2-7F7E0EA92AA7}.Release|Any CPU.ActiveCfg = Release|Any CPU
		{34C57453-E816-4F6B-BCD2-7F7E0EA92AA7}.Release|Any CPU.Build.0 = Release|Any CPU
		{24FFF9E8-DF71-453F-94FD-E5FDAD731520}.Debug|Any CPU.ActiveCfg = Debug|Any CPU
		{24FFF9E8-DF71-453F-94FD-E5FDAD731520}.Debug|Any CPU.Build.0 = Debug|Any CPU
		{24FFF9E8-DF71-453F-94FD-E5FDAD731520}.Release|Any CPU.ActiveCfg = Release|Any CPU
		{24FFF9E8-DF71-453F-94FD-E5FDAD731520}.Release|Any CPU.Build.0 = Release|Any CPU
		{D9687E1F-BBE1-45CF-A618-922FBFD04415}.Debug|Any CPU.ActiveCfg = Debug|Any CPU
		{D9687E1F-BBE1-45CF-A618-922FBFD04415}.Debug|Any CPU.Build.0 = Debug|Any CPU
		{D9687E1F-BBE1-45CF-A618-922FBFD04415}.Release|Any CPU.ActiveCfg = Release|Any CPU
		{D9687E1F-BBE1-45CF-A618-922FBFD04415}.Release|Any CPU.Build.0 = Release|Any CPU
		{3E95A56D-83E9-4EFD-A4D8-654EB53734D5}.Debug|Any CPU.ActiveCfg = Debug|Any CPU
		{3E95A56D-83E9-4EFD-A4D8-654EB53734D5}.Debug|Any CPU.Build.0 = Debug|Any CPU
		{3E95A56D-83E9-4EFD-A4D8-654EB53734D5}.Release|Any CPU.ActiveCfg = Release|Any CPU
		{3E95A56D-83E9-4EFD-A4D8-654EB53734D5}.Release|Any CPU.Build.0 = Release|Any CPU
		{0A844B09-C926-4FDF-8849-9BEE057A379F}.Debug|Any CPU.ActiveCfg = Debug|Any CPU
		{0A844B09-C926-4FDF-8849-9BEE057A379F}.Debug|Any CPU.Build.0 = Debug|Any CPU
		{0A844B09-C926-4FDF-8849-9BEE057A379F}.Release|Any CPU.ActiveCfg = Release|Any CPU
		{0A844B09-C926-4FDF-8849-9BEE057A379F}.Release|Any CPU.Build.0 = Release|Any CPU
		{B7C11E78-8311-42C0-A98A-FC978C60B594}.Debug|Any CPU.ActiveCfg = Debug|Any CPU
		{B7C11E78-8311-42C0-A98A-FC978C60B594}.Debug|Any CPU.Build.0 = Debug|Any CPU
		{B7C11E78-8311-42C0-A98A-FC978C60B594}.Release|Any CPU.ActiveCfg = Release|Any CPU
		{B7C11E78-8311-42C0-A98A-FC978C60B594}.Release|Any CPU.Build.0 = Release|Any CPU
		{98AADA4E-10CD-4A4B-8A4C-4433D9A8D559}.Debug|Any CPU.ActiveCfg = Debug|Any CPU
		{98AADA4E-10CD-4A4B-8A4C-4433D9A8D559}.Debug|Any CPU.Build.0 = Debug|Any CPU
		{98AADA4E-10CD-4A4B-8A4C-4433D9A8D559}.Release|Any CPU.ActiveCfg = Release|Any CPU
		{98AADA4E-10CD-4A4B-8A4C-4433D9A8D559}.Release|Any CPU.Build.0 = Release|Any CPU
		{D391DCEB-4A09-4115-BB65-5564F91AB323}.Debug|Any CPU.ActiveCfg = Debug|Any CPU
		{D391DCEB-4A09-4115-BB65-5564F91AB323}.Debug|Any CPU.Build.0 = Debug|Any CPU
		{D391DCEB-4A09-4115-BB65-5564F91AB323}.Release|Any CPU.ActiveCfg = Release|Any CPU
		{D391DCEB-4A09-4115-BB65-5564F91AB323}.Release|Any CPU.Build.0 = Release|Any CPU
		{75A71ECB-ABFA-4AAE-921B-906B11BCD67F}.Debug|Any CPU.ActiveCfg = Debug|Any CPU
		{75A71ECB-ABFA-4AAE-921B-906B11BCD67F}.Debug|Any CPU.Build.0 = Debug|Any CPU
		{75A71ECB-ABFA-4AAE-921B-906B11BCD67F}.Release|Any CPU.ActiveCfg = Release|Any CPU
		{75A71ECB-ABFA-4AAE-921B-906B11BCD67F}.Release|Any CPU.Build.0 = Release|Any CPU
		{5F3011F5-69E8-4511-A69D-CB3CA6A1398C}.Debug|Any CPU.ActiveCfg = Debug|Any CPU
		{5F3011F5-69E8-4511-A69D-CB3CA6A1398C}.Debug|Any CPU.Build.0 = Debug|Any CPU
		{5F3011F5-69E8-4511-A69D-CB3CA6A1398C}.Release|Any CPU.ActiveCfg = Release|Any CPU
		{5F3011F5-69E8-4511-A69D-CB3CA6A1398C}.Release|Any CPU.Build.0 = Release|Any CPU
		{C8D6E15C-51AC-41FC-B57C-D884FA25B9BC}.Debug|Any CPU.ActiveCfg = Debug|Any CPU
		{C8D6E15C-51AC-41FC-B57C-D884FA25B9BC}.Debug|Any CPU.Build.0 = Debug|Any CPU
		{C8D6E15C-51AC-41FC-B57C-D884FA25B9BC}.Release|Any CPU.ActiveCfg = Release|Any CPU
		{C8D6E15C-51AC-41FC-B57C-D884FA25B9BC}.Release|Any CPU.Build.0 = Release|Any CPU
		{40DDCAA9-2E0D-4FDB-8026-0110E82C3E86}.Debug|Any CPU.ActiveCfg = Debug|Any CPU
		{40DDCAA9-2E0D-4FDB-8026-0110E82C3E86}.Debug|Any CPU.Build.0 = Debug|Any CPU
		{40DDCAA9-2E0D-4FDB-8026-0110E82C3E86}.Release|Any CPU.ActiveCfg = Release|Any CPU
		{40DDCAA9-2E0D-4FDB-8026-0110E82C3E86}.Release|Any CPU.Build.0 = Release|Any CPU
		{6C89ACB5-D09E-4E50-AB8A-BFBFD0F2BB20}.Debug|Any CPU.ActiveCfg = Debug|Any CPU
		{6C89ACB5-D09E-4E50-AB8A-BFBFD0F2BB20}.Debug|Any CPU.Build.0 = Debug|Any CPU
		{6C89ACB5-D09E-4E50-AB8A-BFBFD0F2BB20}.Release|Any CPU.ActiveCfg = Release|Any CPU
		{6C89ACB5-D09E-4E50-AB8A-BFBFD0F2BB20}.Release|Any CPU.Build.0 = Release|Any CPU
		{A7BB1D60-7D5E-4CEC-9581-2C86307BA4D1}.Debug|Any CPU.ActiveCfg = Debug|Any CPU
		{A7BB1D60-7D5E-4CEC-9581-2C86307BA4D1}.Debug|Any CPU.Build.0 = Debug|Any CPU
		{A7BB1D60-7D5E-4CEC-9581-2C86307BA4D1}.Release|Any CPU.ActiveCfg = Release|Any CPU
		{A7BB1D60-7D5E-4CEC-9581-2C86307BA4D1}.Release|Any CPU.Build.0 = Release|Any CPU
		{FB6D4AAB-5DFB-403E-8AFF-95D19D67292B}.Debug|Any CPU.ActiveCfg = Debug|Any CPU
		{FB6D4AAB-5DFB-403E-8AFF-95D19D67292B}.Debug|Any CPU.Build.0 = Debug|Any CPU
		{FB6D4AAB-5DFB-403E-8AFF-95D19D67292B}.Release|Any CPU.ActiveCfg = Release|Any CPU
		{FB6D4AAB-5DFB-403E-8AFF-95D19D67292B}.Release|Any CPU.Build.0 = Release|Any CPU
		{C5116C18-287C-4D42-90E5-94C64323875E}.Debug|Any CPU.ActiveCfg = Debug|Any CPU
		{C5116C18-287C-4D42-90E5-94C64323875E}.Debug|Any CPU.Build.0 = Debug|Any CPU
		{C5116C18-287C-4D42-90E5-94C64323875E}.Release|Any CPU.ActiveCfg = Release|Any CPU
		{C5116C18-287C-4D42-90E5-94C64323875E}.Release|Any CPU.Build.0 = Release|Any CPU
		{8646FE15-D855-4EA6-B24D-B5721A6241B0}.Debug|Any CPU.ActiveCfg = Debug|Any CPU
		{8646FE15-D855-4EA6-B24D-B5721A6241B0}.Debug|Any CPU.Build.0 = Debug|Any CPU
		{8646FE15-D855-4EA6-B24D-B5721A6241B0}.Release|Any CPU.ActiveCfg = Release|Any CPU
		{8646FE15-D855-4EA6-B24D-B5721A6241B0}.Release|Any CPU.Build.0 = Release|Any CPU
		{EB8F5217-7651-4BFA-BB7F-AE06F211CE84}.Debug|Any CPU.ActiveCfg = Debug|Any CPU
		{EB8F5217-7651-4BFA-BB7F-AE06F211CE84}.Debug|Any CPU.Build.0 = Debug|Any CPU
		{EB8F5217-7651-4BFA-BB7F-AE06F211CE84}.Release|Any CPU.ActiveCfg = Release|Any CPU
		{EB8F5217-7651-4BFA-BB7F-AE06F211CE84}.Release|Any CPU.Build.0 = Release|Any CPU
		{450C0B8C-CC9D-4F82-94D4-ACAF3B7DD207}.Debug|Any CPU.ActiveCfg = Debug|Any CPU
		{450C0B8C-CC9D-4F82-94D4-ACAF3B7DD207}.Debug|Any CPU.Build.0 = Debug|Any CPU
		{450C0B8C-CC9D-4F82-94D4-ACAF3B7DD207}.Release|Any CPU.ActiveCfg = Release|Any CPU
		{450C0B8C-CC9D-4F82-94D4-ACAF3B7DD207}.Release|Any CPU.Build.0 = Release|Any CPU
		{3E7B9E06-B859-4C83-A0C7-2B251D5B3468}.Debug|Any CPU.ActiveCfg = Debug|Any CPU
		{3E7B9E06-B859-4C83-A0C7-2B251D5B3468}.Debug|Any CPU.Build.0 = Debug|Any CPU
		{3E7B9E06-B859-4C83-A0C7-2B251D5B3468}.Release|Any CPU.ActiveCfg = Release|Any CPU
		{3E7B9E06-B859-4C83-A0C7-2B251D5B3468}.Release|Any CPU.Build.0 = Release|Any CPU
		{4482D7BD-3F83-42A8-8F07-BBA1D52F68CA}.Debug|Any CPU.ActiveCfg = Debug|Any CPU
		{4482D7BD-3F83-42A8-8F07-BBA1D52F68CA}.Debug|Any CPU.Build.0 = Debug|Any CPU
		{4482D7BD-3F83-42A8-8F07-BBA1D52F68CA}.Release|Any CPU.ActiveCfg = Release|Any CPU
		{4482D7BD-3F83-42A8-8F07-BBA1D52F68CA}.Release|Any CPU.Build.0 = Release|Any CPU
		{567C8A10-8683-49C4-9B5E-700F2589E707}.Debug|Any CPU.ActiveCfg = Debug|Any CPU
		{567C8A10-8683-49C4-9B5E-700F2589E707}.Debug|Any CPU.Build.0 = Debug|Any CPU
		{567C8A10-8683-49C4-9B5E-700F2589E707}.Release|Any CPU.ActiveCfg = Release|Any CPU
		{567C8A10-8683-49C4-9B5E-700F2589E707}.Release|Any CPU.Build.0 = Release|Any CPU
		{4C9B7E27-EDEE-4381-AD29-FD413EC697A1}.Debug|Any CPU.ActiveCfg = Debug|Any CPU
		{4C9B7E27-EDEE-4381-AD29-FD413EC697A1}.Debug|Any CPU.Build.0 = Debug|Any CPU
		{4C9B7E27-EDEE-4381-AD29-FD413EC697A1}.Release|Any CPU.ActiveCfg = Release|Any CPU
		{4C9B7E27-EDEE-4381-AD29-FD413EC697A1}.Release|Any CPU.Build.0 = Release|Any CPU
		{4309CDFC-A74F-4709-98E3-B22A3FDDDAAA}.Debug|Any CPU.ActiveCfg = Debug|Any CPU
		{4309CDFC-A74F-4709-98E3-B22A3FDDDAAA}.Debug|Any CPU.Build.0 = Debug|Any CPU
		{4309CDFC-A74F-4709-98E3-B22A3FDDDAAA}.Release|Any CPU.ActiveCfg = Release|Any CPU
		{4309CDFC-A74F-4709-98E3-B22A3FDDDAAA}.Release|Any CPU.Build.0 = Release|Any CPU
		{B485B9AC-56FB-4A67-9787-4B4B0796B736}.Debug|Any CPU.ActiveCfg = Debug|Any CPU
		{B485B9AC-56FB-4A67-9787-4B4B0796B736}.Debug|Any CPU.Build.0 = Debug|Any CPU
		{B485B9AC-56FB-4A67-9787-4B4B0796B736}.Release|Any CPU.ActiveCfg = Release|Any CPU
		{B485B9AC-56FB-4A67-9787-4B4B0796B736}.Release|Any CPU.Build.0 = Release|Any CPU
		{A5A3D1D1-2FC2-4B08-AF3C-081066B199C0}.Debug|Any CPU.ActiveCfg = Debug|Any CPU
		{A5A3D1D1-2FC2-4B08-AF3C-081066B199C0}.Debug|Any CPU.Build.0 = Debug|Any CPU
		{A5A3D1D1-2FC2-4B08-AF3C-081066B199C0}.Release|Any CPU.ActiveCfg = Release|Any CPU
		{A5A3D1D1-2FC2-4B08-AF3C-081066B199C0}.Release|Any CPU.Build.0 = Release|Any CPU
		{201ED327-A330-445C-84E4-2B199B4F3EA7}.Debug|Any CPU.ActiveCfg = Debug|Any CPU
		{201ED327-A330-445C-84E4-2B199B4F3EA7}.Debug|Any CPU.Build.0 = Debug|Any CPU
		{201ED327-A330-445C-84E4-2B199B4F3EA7}.Release|Any CPU.ActiveCfg = Release|Any CPU
		{201ED327-A330-445C-84E4-2B199B4F3EA7}.Release|Any CPU.Build.0 = Release|Any CPU
		{5D6292E4-5293-4F95-904B-DF8E6508F3D5}.Debug|Any CPU.ActiveCfg = Debug|Any CPU
		{5D6292E4-5293-4F95-904B-DF8E6508F3D5}.Debug|Any CPU.Build.0 = Debug|Any CPU
		{5D6292E4-5293-4F95-904B-DF8E6508F3D5}.Release|Any CPU.ActiveCfg = Release|Any CPU
		{5D6292E4-5293-4F95-904B-DF8E6508F3D5}.Release|Any CPU.Build.0 = Release|Any CPU
		{214C07CF-CE95-4DAD-B351-C0D5054C2609}.Debug|Any CPU.ActiveCfg = Debug|Any CPU
		{214C07CF-CE95-4DAD-B351-C0D5054C2609}.Debug|Any CPU.Build.0 = Debug|Any CPU
		{214C07CF-CE95-4DAD-B351-C0D5054C2609}.Release|Any CPU.ActiveCfg = Release|Any CPU
		{214C07CF-CE95-4DAD-B351-C0D5054C2609}.Release|Any CPU.Build.0 = Release|Any CPU
		{1446BC87-99D4-42EC-B6E1-2DA7D1EA8BE1}.Debug|Any CPU.ActiveCfg = Debug|Any CPU
		{1446BC87-99D4-42EC-B6E1-2DA7D1EA8BE1}.Debug|Any CPU.Build.0 = Debug|Any CPU
		{1446BC87-99D4-42EC-B6E1-2DA7D1EA8BE1}.Release|Any CPU.ActiveCfg = Release|Any CPU
		{1446BC87-99D4-42EC-B6E1-2DA7D1EA8BE1}.Release|Any CPU.Build.0 = Release|Any CPU
		{FB818550-2AB2-4AE9-A53A-5DD6990911A7}.Debug|Any CPU.ActiveCfg = Debug|Any CPU
		{FB818550-2AB2-4AE9-A53A-5DD6990911A7}.Debug|Any CPU.Build.0 = Debug|Any CPU
		{FB818550-2AB2-4AE9-A53A-5DD6990911A7}.Release|Any CPU.ActiveCfg = Release|Any CPU
		{FB818550-2AB2-4AE9-A53A-5DD6990911A7}.Release|Any CPU.Build.0 = Release|Any CPU
		{B967056B-9DA1-454C-8B6A-D24E2669B5EE}.Debug|Any CPU.ActiveCfg = Debug|Any CPU
		{B967056B-9DA1-454C-8B6A-D24E2669B5EE}.Debug|Any CPU.Build.0 = Debug|Any CPU
		{B967056B-9DA1-454C-8B6A-D24E2669B5EE}.Release|Any CPU.ActiveCfg = Release|Any CPU
		{B967056B-9DA1-454C-8B6A-D24E2669B5EE}.Release|Any CPU.Build.0 = Release|Any CPU
		{0D23AE63-DF12-472D-8675-878F4D818A6A}.Debug|Any CPU.ActiveCfg = Debug|Any CPU
		{0D23AE63-DF12-472D-8675-878F4D818A6A}.Debug|Any CPU.Build.0 = Debug|Any CPU
		{0D23AE63-DF12-472D-8675-878F4D818A6A}.Release|Any CPU.ActiveCfg = Release|Any CPU
		{0D23AE63-DF12-472D-8675-878F4D818A6A}.Release|Any CPU.Build.0 = Release|Any CPU
		{A4742A6F-BF45-4B17-9670-E387297AC232}.Debug|Any CPU.ActiveCfg = Debug|Any CPU
		{A4742A6F-BF45-4B17-9670-E387297AC232}.Debug|Any CPU.Build.0 = Debug|Any CPU
		{A4742A6F-BF45-4B17-9670-E387297AC232}.Release|Any CPU.ActiveCfg = Release|Any CPU
		{A4742A6F-BF45-4B17-9670-E387297AC232}.Release|Any CPU.Build.0 = Release|Any CPU
		{F2F87607-24C0-4835-9F74-3BE8DB25CB3E}.Debug|Any CPU.ActiveCfg = Debug|Any CPU
		{F2F87607-24C0-4835-9F74-3BE8DB25CB3E}.Debug|Any CPU.Build.0 = Debug|Any CPU
		{F2F87607-24C0-4835-9F74-3BE8DB25CB3E}.Release|Any CPU.ActiveCfg = Release|Any CPU
		{F2F87607-24C0-4835-9F74-3BE8DB25CB3E}.Release|Any CPU.Build.0 = Release|Any CPU
		{BBE29F70-8822-400F-8818-F055D1070B6C}.Debug|Any CPU.ActiveCfg = Debug|Any CPU
		{BBE29F70-8822-400F-8818-F055D1070B6C}.Debug|Any CPU.Build.0 = Debug|Any CPU
		{BBE29F70-8822-400F-8818-F055D1070B6C}.Release|Any CPU.ActiveCfg = Release|Any CPU
		{BBE29F70-8822-400F-8818-F055D1070B6C}.Release|Any CPU.Build.0 = Release|Any CPU
		{0CE894DF-22B8-46E3-BC11-86E4AF2BAC89}.Debug|Any CPU.ActiveCfg = Debug|Any CPU
		{0CE894DF-22B8-46E3-BC11-86E4AF2BAC89}.Debug|Any CPU.Build.0 = Debug|Any CPU
		{0CE894DF-22B8-46E3-BC11-86E4AF2BAC89}.Release|Any CPU.ActiveCfg = Release|Any CPU
		{0CE894DF-22B8-46E3-BC11-86E4AF2BAC89}.Release|Any CPU.Build.0 = Release|Any CPU
		{19585B2F-73A4-489C-AADD-AF5FBE66AFFE}.Debug|Any CPU.ActiveCfg = Debug|Any CPU
		{19585B2F-73A4-489C-AADD-AF5FBE66AFFE}.Debug|Any CPU.Build.0 = Debug|Any CPU
		{19585B2F-73A4-489C-AADD-AF5FBE66AFFE}.Release|Any CPU.ActiveCfg = Release|Any CPU
		{19585B2F-73A4-489C-AADD-AF5FBE66AFFE}.Release|Any CPU.Build.0 = Release|Any CPU
		{BDB211AD-7EDB-46FC-AD92-70E435C77CED}.Debug|Any CPU.ActiveCfg = Debug|Any CPU
		{BDB211AD-7EDB-46FC-AD92-70E435C77CED}.Debug|Any CPU.Build.0 = Debug|Any CPU
		{BDB211AD-7EDB-46FC-AD92-70E435C77CED}.Release|Any CPU.ActiveCfg = Release|Any CPU
		{BDB211AD-7EDB-46FC-AD92-70E435C77CED}.Release|Any CPU.Build.0 = Release|Any CPU
		{0D8EB14D-D045-4651-8298-C9746F14B4CA}.Debug|Any CPU.ActiveCfg = Debug|Any CPU
		{0D8EB14D-D045-4651-8298-C9746F14B4CA}.Debug|Any CPU.Build.0 = Debug|Any CPU
		{0D8EB14D-D045-4651-8298-C9746F14B4CA}.Release|Any CPU.ActiveCfg = Release|Any CPU
		{0D8EB14D-D045-4651-8298-C9746F14B4CA}.Release|Any CPU.Build.0 = Release|Any CPU
		{E5945EE7-E1E8-4694-AE67-5DD583C67B14}.Debug|Any CPU.ActiveCfg = Debug|Any CPU
		{E5945EE7-E1E8-4694-AE67-5DD583C67B14}.Debug|Any CPU.Build.0 = Debug|Any CPU
		{E5945EE7-E1E8-4694-AE67-5DD583C67B14}.Release|Any CPU.ActiveCfg = Release|Any CPU
		{E5945EE7-E1E8-4694-AE67-5DD583C67B14}.Release|Any CPU.Build.0 = Release|Any CPU
		{13D5D0EC-7F13-4FB4-8982-93BD3BF00FD5}.Debug|Any CPU.ActiveCfg = Debug|Any CPU
		{13D5D0EC-7F13-4FB4-8982-93BD3BF00FD5}.Debug|Any CPU.Build.0 = Debug|Any CPU
		{13D5D0EC-7F13-4FB4-8982-93BD3BF00FD5}.Release|Any CPU.ActiveCfg = Release|Any CPU
		{13D5D0EC-7F13-4FB4-8982-93BD3BF00FD5}.Release|Any CPU.Build.0 = Release|Any CPU
	EndGlobalSection
	GlobalSection(SolutionProperties) = preSolution
		HideSolutionNode = FALSE
	EndGlobalSection
	GlobalSection(ExtensibilityGlobals) = postSolution
		SolutionGuid = {5BD287D0-7AFC-4891-A19D-831F71270D70}
	EndGlobalSection
EndGlobal
